
Microsoft Visual Studio Solution File, Format Version 12.00
# Visual Studio Version 17
VisualStudioVersion = 17.9.34723.18
MinimumVisualStudioVersion = 10.0.40219.1
Project("{9A19103F-16F7-4668-BE54-9A1E7A4F7556}") = "JarvisWeb", "JarvisWeb\JarvisWeb.csproj", "{34619304-1BF6-4896-977F-FC95F29EA5D5}"
EndProject
Project("{9A19103F-16F7-4668-BE54-9A1E7A4F7556}") = "JarvisWeb.Services", "JarvisWeb.Services\JarvisWeb.Services.csproj", "{C537A950-99F1-4C62-A73B-D9D5F9A47FFD}"
EndProject
Project("{9A19103F-16F7-4668-BE54-9A1E7A4F7556}") = "JarvisWeb.Domain", "JarvisWeb.Domain\JarvisWeb.Domain.csproj", "{4A8AFB26-E16B-4D57-9764-01CF1F94B0BD}"
EndProject
Global
	GlobalSection(SolutionConfigurationPlatforms) = preSolution
		Debug|Any CPU = Debug|Any CPU
		Release|Any CPU = Release|Any CPU
	EndGlobalSection
	GlobalSection(ProjectConfigurationPlatforms) = postSolution
		{34619304-1BF6-4896-977F-FC95F29EA5D5}.Debug|Any CPU.ActiveCfg = Debug|Any CPU
		{34619304-1BF6-4896-977F-FC95F29EA5D5}.Debug|Any CPU.Build.0 = Debug|Any CPU
		{34619304-1BF6-4896-977F-FC95F29EA5D5}.Release|Any CPU.ActiveCfg = Release|Any CPU
		{34619304-1BF6-4896-977F-FC95F29EA5D5}.Release|Any CPU.Build.0 = Release|Any CPU
		{C537A950-99F1-4C62-A73B-D9D5F9A47FFD}.Debug|Any CPU.ActiveCfg = Debug|Any CPU
		{C537A950-99F1-4C62-A73B-D9D5F9A47FFD}.Debug|Any CPU.Build.0 = Debug|Any CPU
		{C537A950-99F1-4C62-A73B-D9D5F9A47FFD}.Release|Any CPU.ActiveCfg = Release|Any CPU
		{C537A950-99F1-4C62-A73B-D9D5F9A47FFD}.Release|Any CPU.Build.0 = Release|Any CPU
		{4A8AFB26-E16B-4D57-9764-01CF1F94B0BD}.Debug|Any CPU.ActiveCfg = Debug|Any CPU
		{4A8AFB26-E16B-4D57-9764-01CF1F94B0BD}.Debug|Any CPU.Build.0 = Debug|Any CPU
		{4A8AFB26-E16B-4D57-9764-01CF1F94B0BD}.Release|Any CPU.ActiveCfg = Release|Any CPU
		{4A8AFB26-E16B-4D57-9764-01CF1F94B0BD}.Release|Any CPU.Build.0 = Release|Any CPU
	EndGlobalSection
	GlobalSection(SolutionProperties) = preSolution
		HideSolutionNode = FALSE
	EndGlobalSection
	GlobalSection(ExtensibilityGlobals) = postSolution
		SolutionGuid = {C6AC7EF8-081E-4530-83BC-E9947C2C09E2}
	EndGlobalSection
EndGlobal
